
Microsoft Visual Studio Solution File, Format Version 12.00
# Visual Studio 15
VisualStudioVersion = 15.0.28307.271
MinimumVisualStudioVersion = 10.0.40219.1
Project("{9A19103F-16F7-4668-BE54-9A1E7A4F7556}") = "UnitTests", "InterviewTestProject\UnitTests.csproj", "{2BF21D66-3D25-4C36-AACB-44B3BFC6EF17}"
EndProject
Project("{9A19103F-16F7-4668-BE54-9A1E7A4F7556}") = "HelperClass", "ExtensionMethods\HelperClass.csproj", "{DBA91A71-1199-4784-A94A-5B203F523B60}"
EndProject
Global
	GlobalSection(SolutionConfigurationPlatforms) = preSolution
		Debug|Any CPU = Debug|Any CPU
		Release|Any CPU = Release|Any CPU
	EndGlobalSection
	GlobalSection(ProjectConfigurationPlatforms) = postSolution
		{2BF21D66-3D25-4C36-AACB-44B3BFC6EF17}.Debug|Any CPU.ActiveCfg = Debug|Any CPU
		{2BF21D66-3D25-4C36-AACB-44B3BFC6EF17}.Debug|Any CPU.Build.0 = Debug|Any CPU
		{2BF21D66-3D25-4C36-AACB-44B3BFC6EF17}.Release|Any CPU.ActiveCfg = Release|Any CPU
		{2BF21D66-3D25-4C36-AACB-44B3BFC6EF17}.Release|Any CPU.Build.0 = Release|Any CPU
		{DBA91A71-1199-4784-A94A-5B203F523B60}.Debug|Any CPU.ActiveCfg = Debug|Any CPU
		{DBA91A71-1199-4784-A94A-5B203F523B60}.Debug|Any CPU.Build.0 = Debug|Any CPU
		{DBA91A71-1199-4784-A94A-5B203F523B60}.Release|Any CPU.ActiveCfg = Release|Any CPU
		{DBA91A71-1199-4784-A94A-5B203F523B60}.Release|Any CPU.Build.0 = Release|Any CPU
	EndGlobalSection
	GlobalSection(SolutionProperties) = preSolution
		HideSolutionNode = FALSE
	EndGlobalSection
	GlobalSection(ExtensibilityGlobals) = postSolution
		SolutionGuid = {5305B15F-DE28-4F06-B79F-AA81101180AD}
	EndGlobalSection
EndGlobal
